
Microsoft Visual Studio Solution File, Format Version 12.00
# Visual Studio Version 17
VisualStudioVersion = 17.7.34009.444
MinimumVisualStudioVersion = 10.0.40219.1
Project("{8BC9CEB8-8B4A-11D0-8D11-00A0C91BC942}") = "BOJ_28297", "BOJ_28297\BOJ_28297.vcxproj", "{5393F455-EF2E-4D60-9E6A-5AA91D883EC7}"
EndProject
Global
	GlobalSection(SolutionConfigurationPlatforms) = preSolution
		Debug|x64 = Debug|x64
		Release|x64 = Release|x64
	EndGlobalSection
	GlobalSection(ProjectConfigurationPlatforms) = postSolution
		{5393F455-EF2E-4D60-9E6A-5AA91D883EC7}.Debug|x64.ActiveCfg = Debug|x64
		{5393F455-EF2E-4D60-9E6A-5AA91D883EC7}.Debug|x64.Build.0 = Debug|x64
		{5393F455-EF2E-4D60-9E6A-5AA91D883EC7}.Release|x64.ActiveCfg = Release|x64
		{5393F455-EF2E-4D60-9E6A-5AA91D883EC7}.Release|x64.Build.0 = Release|x64
	EndGlobalSection
	GlobalSection(SolutionProperties) = preSolution
		HideSolutionNode = FALSE
	EndGlobalSection
	GlobalSection(ExtensibilityGlobals) = postSolution
		SolutionGuid = {D3FB2793-D004-4075-98E3-4B81A0E5C976}
	EndGlobalSection
EndGlobal
